
Microsoft Visual Studio Solution File, Format Version 12.00
# Visual Studio 15
VisualStudioVersion = 15.0.28307.572
MinimumVisualStudioVersion = 10.0.40219.1
Project("{FAE04EC0-301F-11D3-BF4B-00C04F79EFBC}") = "Go", "Go.csproj", "{D9E7D4F8-3BEF-43D5-A93B-BF76F05A44E2}"
EndProject
Global
	GlobalSection(SolutionConfigurationPlatforms) = preSolution
		Debug|Any CPU = Debug|Any CPU
		Release|Any CPU = Release|Any CPU
	EndGlobalSection
	GlobalSection(ProjectConfigurationPlatforms) = postSolution
		{D9E7D4F8-3BEF-43D5-A93B-BF76F05A44E2}.Debug|Any CPU.ActiveCfg = Debug|Any CPU
		{D9E7D4F8-3BEF-43D5-A93B-BF76F05A44E2}.Debug|Any CPU.Build.0 = Debug|Any CPU
		{D9E7D4F8-3BEF-43D5-A93B-BF76F05A44E2}.Release|Any CPU.ActiveCfg = Release|Any CPU
		{D9E7D4F8-3BEF-43D5-A93B-BF76F05A44E2}.Release|Any CPU.Build.0 = Release|Any CPU
	EndGlobalSection
	GlobalSection(SolutionProperties) = preSolution
		HideSolutionNode = FALSE
	EndGlobalSection
	GlobalSection(ExtensibilityGlobals) = postSolution
		SolutionGuid = {AD86CD8D-C881-4C43-BCC7-6ADD27462DD2}
	EndGlobalSection
EndGlobal
