
Microsoft Visual Studio Solution File, Format Version 12.00
# Visual Studio Version 16
VisualStudioVersion = 16.0.28803.202
MinimumVisualStudioVersion = 10.0.40219.1
Project("{FAE04EC0-301F-11D3-BF4B-00C04F79EFBC}") = "Go", "Go.csproj", "{D9E7D4F8-3BEF-43D5-A93B-BF76F05A44E2}"
EndProject
Project("{54435603-DBB4-11D2-8724-00A0C9A8B90C}") = "SetupGO", "..\SetupGO\SetupGO.vdproj", "{84B96F36-319D-4278-A7C9-B9B9159FA5C4}"
EndProject
Global
	GlobalSection(SolutionConfigurationPlatforms) = preSolution
		Debug|Any CPU = Debug|Any CPU
		Release|Any CPU = Release|Any CPU
	EndGlobalSection
	GlobalSection(ProjectConfigurationPlatforms) = postSolution
		{D9E7D4F8-3BEF-43D5-A93B-BF76F05A44E2}.Debug|Any CPU.ActiveCfg = Debug|Any CPU
		{D9E7D4F8-3BEF-43D5-A93B-BF76F05A44E2}.Debug|Any CPU.Build.0 = Debug|Any CPU
		{D9E7D4F8-3BEF-43D5-A93B-BF76F05A44E2}.Release|Any CPU.ActiveCfg = Release|Any CPU
		{D9E7D4F8-3BEF-43D5-A93B-BF76F05A44E2}.Release|Any CPU.Build.0 = Release|Any CPU
		{84B96F36-319D-4278-A7C9-B9B9159FA5C4}.Debug|Any CPU.ActiveCfg = Debug
		{84B96F36-319D-4278-A7C9-B9B9159FA5C4}.Release|Any CPU.ActiveCfg = Release
	EndGlobalSection
	GlobalSection(SolutionProperties) = preSolution
		HideSolutionNode = FALSE
	EndGlobalSection
	GlobalSection(ExtensibilityGlobals) = postSolution
		SolutionGuid = {AD86CD8D-C881-4C43-BCC7-6ADD27462DD2}
	EndGlobalSection
EndGlobal
